
Microsoft Visual Studio Solution File, Format Version 12.00
# Visual Studio 15
VisualStudioVersion = 15.0.27428.2037
MinimumVisualStudioVersion = 10.0.40219.1
Project("{FAE04EC0-301F-11D3-BF4B-00C04F79EFBC}") = "DCS", "DCS\DCS.csproj", "{38B54835-08A0-42D7-88AD-742ED2670855}"
EndProject
Project("{54435603-DBB4-11D2-8724-00A0C9A8B90C}") = "DCSSetup", "DCSSetup\DCSSetup.vdproj", "{2D9C50EA-3436-48C3-94BB-16202BA54C3C}"
EndProject
Global
	GlobalSection(SolutionConfigurationPlatforms) = preSolution
		Debug|Any CPU = Debug|Any CPU
		Release|Any CPU = Release|Any CPU
	EndGlobalSection
	GlobalSection(ProjectConfigurationPlatforms) = postSolution
		{38B54835-08A0-42D7-88AD-742ED2670855}.Debug|Any CPU.ActiveCfg = Debug|Any CPU
		{38B54835-08A0-42D7-88AD-742ED2670855}.Debug|Any CPU.Build.0 = Debug|Any CPU
		{38B54835-08A0-42D7-88AD-742ED2670855}.Release|Any CPU.ActiveCfg = Release|Any CPU
		{38B54835-08A0-42D7-88AD-742ED2670855}.Release|Any CPU.Build.0 = Release|Any CPU
		{2D9C50EA-3436-48C3-94BB-16202BA54C3C}.Debug|Any CPU.ActiveCfg = Debug
		{2D9C50EA-3436-48C3-94BB-16202BA54C3C}.Release|Any CPU.ActiveCfg = Release
	EndGlobalSection
	GlobalSection(SolutionProperties) = preSolution
		HideSolutionNode = FALSE
	EndGlobalSection
	GlobalSection(ExtensibilityGlobals) = postSolution
		SolutionGuid = {1CE7B2CE-34EB-4EBC-BDF1-FBC1D042898E}
	EndGlobalSection
EndGlobal
